// !$*UTF8*$!
{
	archiveVersion = 1;
	classes = {
	};
	objectVersion = 48;
	objects = {

/* Begin PBXBuildFile section */
		01244FD61B08DD1A14C8F324 /* Pods_ReceptApp.framework in Frameworks */ = {isa = PBXBuildFile; fileRef = 7FE639045418ECF3D28586EF /* Pods_ReceptApp.framework */; };
		DC023CD8201663AB000C119C /* InstructionsViewController.swift in Sources */ = {isa = PBXBuildFile; fileRef = DC023CD7201663AB000C119C /* InstructionsViewController.swift */; };
		DC1EC7D520160478002C67F4 /* IngredientsTableViewCell.swift in Sources */ = {isa = PBXBuildFile; fileRef = DC1EC7D420160478002C67F4 /* IngredientsTableViewCell.swift */; };
		DC445A8A201A2B9200DE6FBA /* FavoritesViewController.swift in Sources */ = {isa = PBXBuildFile; fileRef = DC445A89201A2B9200DE6FBA /* FavoritesViewController.swift */; };
		DC50640320213ACF001A6338 /* ResultsViewController.swift in Sources */ = {isa = PBXBuildFile; fileRef = DC50640220213ACF001A6338 /* ResultsViewController.swift */; };
		DC8EB76E2018C11000B64720 /* WriteExperienceViewController.swift in Sources */ = {isa = PBXBuildFile; fileRef = DC8EB76D2018C11000B64720 /* WriteExperienceViewController.swift */; };
		DC8EB7702018CAA300B64720 /* ExperiencesViewController.swift in Sources */ = {isa = PBXBuildFile; fileRef = DC8EB76F2018CAA300B64720 /* ExperiencesViewController.swift */; };
		DC8EB77220192D3800B64720 /* ExperienceTableViewCell.swift in Sources */ = {isa = PBXBuildFile; fileRef = DC8EB77120192D3800B64720 /* ExperienceTableViewCell.swift */; };
		DC8EB7742019318800B64720 /* Experience.swift in Sources */ = {isa = PBXBuildFile; fileRef = DC8EB7732019318800B64720 /* Experience.swift */; };
		DCA43231200E08CA00C9E517 /* GoogleService-Info.plist in Resources */ = {isa = PBXBuildFile; fileRef = DCA43230200E08CA00C9E517 /* GoogleService-Info.plist */; };
		DCA43233200E0E4900C9E517 /* AccountViewController.swift in Sources */ = {isa = PBXBuildFile; fileRef = DCA43232200E0E4900C9E517 /* AccountViewController.swift */; };
		DCA43253200E49DA00C9E517 /* SearchViewController.swift in Sources */ = {isa = PBXBuildFile; fileRef = DCA43252200E49DA00C9E517 /* SearchViewController.swift */; };
		DCA4325A200F5F6D00C9E517 /* SearchResult.swift in Sources */ = {isa = PBXBuildFile; fileRef = DCA43259200F5F6D00C9E517 /* SearchResult.swift */; };
		DCA4325C200F635F00C9E517 /* Recipe.swift in Sources */ = {isa = PBXBuildFile; fileRef = DCA4325B200F635F00C9E517 /* Recipe.swift */; };
		DCA4325E200F65DD00C9E517 /* ResultsController.swift in Sources */ = {isa = PBXBuildFile; fileRef = DCA4325D200F65DD00C9E517 /* ResultsController.swift */; };
		DCA4326420112A9600C9E517 /* CreateAccountViewController.swift in Sources */ = {isa = PBXBuildFile; fileRef = DCA4326320112A9600C9E517 /* CreateAccountViewController.swift */; };
		DCA43268201146F700C9E517 /* RecipeTableViewCell.swift in Sources */ = {isa = PBXBuildFile; fileRef = DCA43267201146F700C9E517 /* RecipeTableViewCell.swift */; };
		DCF41DB0201225A200286031 /* SearchTableViewCell.swift in Sources */ = {isa = PBXBuildFile; fileRef = DCF41DAF201225A200286031 /* SearchTableViewCell.swift */; };
		DCF41DB220123F5D00286031 /* RecipeDetailViewController.swift in Sources */ = {isa = PBXBuildFile; fileRef = DCF41DB120123F5D00286031 /* RecipeDetailViewController.swift */; };
		DCFD733D2007EEC90032BF6B /* AppDelegate.swift in Sources */ = {isa = PBXBuildFile; fileRef = DCFD733C2007EEC90032BF6B /* AppDelegate.swift */; };
		DCFD73422007EEC90032BF6B /* Main.storyboard in Resources */ = {isa = PBXBuildFile; fileRef = DCFD73402007EEC90032BF6B /* Main.storyboard */; };
		DCFD73442007EEC90032BF6B /* Assets.xcassets in Resources */ = {isa = PBXBuildFile; fileRef = DCFD73432007EEC90032BF6B /* Assets.xcassets */; };
		DCFD73472007EEC90032BF6B /* LaunchScreen.storyboard in Resources */ = {isa = PBXBuildFile; fileRef = DCFD73452007EEC90032BF6B /* LaunchScreen.storyboard */; };
/* End PBXBuildFile section */

/* Begin PBXFileReference section */
		0BE17C30D573D545DA9EAA66 /* Pods-ReceptApp.debug.xcconfig */ = {isa = PBXFileReference; includeInIndex = 1; lastKnownFileType = text.xcconfig; name = "Pods-ReceptApp.debug.xcconfig"; path = "Pods/Target Support Files/Pods-ReceptApp/Pods-ReceptApp.debug.xcconfig"; sourceTree = "<group>"; };
		227D7CB5F41D4F3E924B47FB /* Pods-ReceptApp.release.xcconfig */ = {isa = PBXFileReference; includeInIndex = 1; lastKnownFileType = text.xcconfig; name = "Pods-ReceptApp.release.xcconfig"; path = "Pods/Target Support Files/Pods-ReceptApp/Pods-ReceptApp.release.xcconfig"; sourceTree = "<group>"; };
		7FE639045418ECF3D28586EF /* Pods_ReceptApp.framework */ = {isa = PBXFileReference; explicitFileType = wrapper.framework; includeInIndex = 0; path = Pods_ReceptApp.framework; sourceTree = BUILT_PRODUCTS_DIR; };
		DC023CD7201663AB000C119C /* InstructionsViewController.swift */ = {isa = PBXFileReference; lastKnownFileType = sourcecode.swift; path = InstructionsViewController.swift; sourceTree = "<group>"; };
		DC1EC7D420160478002C67F4 /* IngredientsTableViewCell.swift */ = {isa = PBXFileReference; lastKnownFileType = sourcecode.swift; path = IngredientsTableViewCell.swift; sourceTree = "<group>"; };
		DC445A89201A2B9200DE6FBA /* FavoritesViewController.swift */ = {isa = PBXFileReference; lastKnownFileType = sourcecode.swift; path = FavoritesViewController.swift; sourceTree = "<group>"; };
		DC50640220213ACF001A6338 /* ResultsViewController.swift */ = {isa = PBXFileReference; lastKnownFileType = sourcecode.swift; path = ResultsViewController.swift; sourceTree = "<group>"; };
		DC8EB76D2018C11000B64720 /* WriteExperienceViewController.swift */ = {isa = PBXFileReference; lastKnownFileType = sourcecode.swift; path = WriteExperienceViewController.swift; sourceTree = "<group>"; };
		DC8EB76F2018CAA300B64720 /* ExperiencesViewController.swift */ = {isa = PBXFileReference; lastKnownFileType = sourcecode.swift; path = ExperiencesViewController.swift; sourceTree = "<group>"; };
		DC8EB77120192D3800B64720 /* ExperienceTableViewCell.swift */ = {isa = PBXFileReference; lastKnownFileType = sourcecode.swift; path = ExperienceTableViewCell.swift; sourceTree = "<group>"; };
		DC8EB7732019318800B64720 /* Experience.swift */ = {isa = PBXFileReference; lastKnownFileType = sourcecode.swift; path = Experience.swift; sourceTree = "<group>"; };
		DCA43230200E08CA00C9E517 /* GoogleService-Info.plist */ = {isa = PBXFileReference; fileEncoding = 4; lastKnownFileType = text.plist.xml; name = "GoogleService-Info.plist"; path = "../../../Downloads/GoogleService-Info.plist"; sourceTree = "<group>"; };
		DCA43232200E0E4900C9E517 /* AccountViewController.swift */ = {isa = PBXFileReference; lastKnownFileType = sourcecode.swift; path = AccountViewController.swift; sourceTree = "<group>"; };
		DCA43252200E49DA00C9E517 /* SearchViewController.swift */ = {isa = PBXFileReference; lastKnownFileType = sourcecode.swift; path = SearchViewController.swift; sourceTree = "<group>"; };
		DCA43259200F5F6D00C9E517 /* SearchResult.swift */ = {isa = PBXFileReference; lastKnownFileType = sourcecode.swift; path = SearchResult.swift; sourceTree = "<group>"; };
		DCA4325B200F635F00C9E517 /* Recipe.swift */ = {isa = PBXFileReference; lastKnownFileType = sourcecode.swift; path = Recipe.swift; sourceTree = "<group>"; };
		DCA4325D200F65DD00C9E517 /* ResultsController.swift */ = {isa = PBXFileReference; lastKnownFileType = sourcecode.swift; path = ResultsController.swift; sourceTree = "<group>"; };
		DCA4326320112A9600C9E517 /* CreateAccountViewController.swift */ = {isa = PBXFileReference; lastKnownFileType = sourcecode.swift; path = CreateAccountViewController.swift; sourceTree = "<group>"; };
		DCA43267201146F700C9E517 /* RecipeTableViewCell.swift */ = {isa = PBXFileReference; lastKnownFileType = sourcecode.swift; path = RecipeTableViewCell.swift; sourceTree = "<group>"; };
		DCF41DAF201225A200286031 /* SearchTableViewCell.swift */ = {isa = PBXFileReference; lastKnownFileType = sourcecode.swift; path = SearchTableViewCell.swift; sourceTree = "<group>"; };
		DCF41DB120123F5D00286031 /* RecipeDetailViewController.swift */ = {isa = PBXFileReference; lastKnownFileType = sourcecode.swift; path = RecipeDetailViewController.swift; sourceTree = "<group>"; };
		DCFD73392007EEC90032BF6B /* ReceptApp.app */ = {isa = PBXFileReference; explicitFileType = wrapper.application; includeInIndex = 0; path = ReceptApp.app; sourceTree = BUILT_PRODUCTS_DIR; };
		DCFD733C2007EEC90032BF6B /* AppDelegate.swift */ = {isa = PBXFileReference; lastKnownFileType = sourcecode.swift; path = AppDelegate.swift; sourceTree = "<group>"; };
		DCFD73412007EEC90032BF6B /* Base */ = {isa = PBXFileReference; lastKnownFileType = file.storyboard; name = Base; path = Base.lproj/Main.storyboard; sourceTree = "<group>"; };
		DCFD73432007EEC90032BF6B /* Assets.xcassets */ = {isa = PBXFileReference; lastKnownFileType = folder.assetcatalog; path = Assets.xcassets; sourceTree = "<group>"; };
		DCFD73462007EEC90032BF6B /* Base */ = {isa = PBXFileReference; lastKnownFileType = file.storyboard; name = Base; path = Base.lproj/LaunchScreen.storyboard; sourceTree = "<group>"; };
		DCFD73482007EEC90032BF6B /* Info.plist */ = {isa = PBXFileReference; lastKnownFileType = text.plist.xml; path = Info.plist; sourceTree = "<group>"; };
/* End PBXFileReference section */

/* Begin PBXFrameworksBuildPhase section */
		DCFD73362007EEC90032BF6B /* Frameworks */ = {
			isa = PBXFrameworksBuildPhase;
			buildActionMask = 2147483647;
			files = (
				01244FD61B08DD1A14C8F324 /* Pods_ReceptApp.framework in Frameworks */,
			);
			runOnlyForDeploymentPostprocessing = 0;
		};
/* End PBXFrameworksBuildPhase section */

/* Begin PBXGroup section */
		26F48FF305BE3DC63320BE5A /* Frameworks */ = {
			isa = PBXGroup;
			children = (
				7FE639045418ECF3D28586EF /* Pods_ReceptApp.framework */,
			);
			name = Frameworks;
			sourceTree = "<group>";
		};
		DC1EC7D62016259E002C67F4 /* TableViewCells */ = {
			isa = PBXGroup;
			children = (
				DCA43267201146F700C9E517 /* RecipeTableViewCell.swift */,
				DC1EC7D420160478002C67F4 /* IngredientsTableViewCell.swift */,
				DCF41DAF201225A200286031 /* SearchTableViewCell.swift */,
				DC8EB77120192D3800B64720 /* ExperienceTableViewCell.swift */,
			);
			path = TableViewCells;
			sourceTree = "<group>";
		};
		DCA43256200F5F1D00C9E517 /* Models */ = {
			isa = PBXGroup;
			children = (
				DCA43259200F5F6D00C9E517 /* SearchResult.swift */,
				DCA4325B200F635F00C9E517 /* Recipe.swift */,
				DC8EB7732019318800B64720 /* Experience.swift */,
			);
			path = Models;
			sourceTree = "<group>";
		};
		DCA43258200F5F3200C9E517 /* Controllers */ = {
			isa = PBXGroup;
			children = (
				DCA43252200E49DA00C9E517 /* SearchViewController.swift */,
				DCA43232200E0E4900C9E517 /* AccountViewController.swift */,
				DCA4326320112A9600C9E517 /* CreateAccountViewController.swift */,
				DCA4325D200F65DD00C9E517 /* ResultsController.swift */,
				DC50640220213ACF001A6338 /* ResultsViewController.swift */,
				DCF41DB120123F5D00286031 /* RecipeDetailViewController.swift */,
				DC023CD7201663AB000C119C /* InstructionsViewController.swift */,
				DC445A89201A2B9200DE6FBA /* FavoritesViewController.swift */,
				DC8EB76F2018CAA300B64720 /* ExperiencesViewController.swift */,
				DC8EB76D2018C11000B64720 /* WriteExperienceViewController.swift */,
			);
			path = Controllers;
			sourceTree = "<group>";
		};
		DCFD73302007EEC90032BF6B = {
			isa = PBXGroup;
			children = (
				DCFD733B2007EEC90032BF6B /* ReceptApp */,
				DCFD733A2007EEC90032BF6B /* Products */,
				EA5EA03249C4C37BEDF7949D /* Pods */,
				26F48FF305BE3DC63320BE5A /* Frameworks */,
			);
			sourceTree = "<group>";
		};
		DCFD733A2007EEC90032BF6B /* Products */ = {
			isa = PBXGroup;
			children = (
				DCFD73392007EEC90032BF6B /* ReceptApp.app */,
			);
			name = Products;
			sourceTree = "<group>";
		};
		DCFD733B2007EEC90032BF6B /* ReceptApp */ = {
			isa = PBXGroup;
			children = (
				DC1EC7D62016259E002C67F4 /* TableViewCells */,
				DCA43258200F5F3200C9E517 /* Controllers */,
				DCA43256200F5F1D00C9E517 /* Models */,
				DCFD733C2007EEC90032BF6B /* AppDelegate.swift */,
				DCFD73402007EEC90032BF6B /* Main.storyboard */,
				DCFD73432007EEC90032BF6B /* Assets.xcassets */,
				DCFD73452007EEC90032BF6B /* LaunchScreen.storyboard */,
				DCFD73482007EEC90032BF6B /* Info.plist */,
				DCA43230200E08CA00C9E517 /* GoogleService-Info.plist */,
			);
			path = ReceptApp;
			sourceTree = "<group>";
		};
		EA5EA03249C4C37BEDF7949D /* Pods */ = {
			isa = PBXGroup;
			children = (
				0BE17C30D573D545DA9EAA66 /* Pods-ReceptApp.debug.xcconfig */,
				227D7CB5F41D4F3E924B47FB /* Pods-ReceptApp.release.xcconfig */,
			);
			name = Pods;
			sourceTree = "<group>";
		};
/* End PBXGroup section */

/* Begin PBXNativeTarget section */
		DCFD73382007EEC90032BF6B /* ReceptApp */ = {
			isa = PBXNativeTarget;
			buildConfigurationList = DCFD734B2007EECA0032BF6B /* Build configuration list for PBXNativeTarget "ReceptApp" */;
			buildPhases = (
				B3E951F0AB6C027F68041757 /* [CP] Check Pods Manifest.lock */,
				DCFD73352007EEC90032BF6B /* Sources */,
				DCFD73362007EEC90032BF6B /* Frameworks */,
				DCFD73372007EEC90032BF6B /* Resources */,
				E35C337DF992679CF84B2C51 /* [CP] Embed Pods Frameworks */,
				61DD988AD1E2D69818469FDD /* [CP] Copy Pods Resources */,
			);
			buildRules = (
			);
			dependencies = (
			);
			name = ReceptApp;
			productName = ReceptApp;
			productReference = DCFD73392007EEC90032BF6B /* ReceptApp.app */;
			productType = "com.apple.product-type.application";
		};
/* End PBXNativeTarget section */

/* Begin PBXProject section */
		DCFD73312007EEC90032BF6B /* Project object */ = {
			isa = PBXProject;
			attributes = {
				LastSwiftUpdateCheck = 0920;
				LastUpgradeCheck = 0920;
				ORGANIZATIONNAME = "Gavin Schipper";
				TargetAttributes = {
					DCFD73382007EEC90032BF6B = {
						CreatedOnToolsVersion = 9.2;
						ProvisioningStyle = Automatic;
					};
				};
			};
			buildConfigurationList = DCFD73342007EEC90032BF6B /* Build configuration list for PBXProject "ReceptApp" */;
			compatibilityVersion = "Xcode 8.0";
			developmentRegion = en;
			hasScannedForEncodings = 0;
			knownRegions = (
				en,
				Base,
			);
			mainGroup = DCFD73302007EEC90032BF6B;
			productRefGroup = DCFD733A2007EEC90032BF6B /* Products */;
			projectDirPath = "";
			projectRoot = "";
			targets = (
				DCFD73382007EEC90032BF6B /* ReceptApp */,
			);
		};
/* End PBXProject section */

/* Begin PBXResourcesBuildPhase section */
		DCFD73372007EEC90032BF6B /* Resources */ = {
			isa = PBXResourcesBuildPhase;
			buildActionMask = 2147483647;
			files = (
				DCFD73472007EEC90032BF6B /* LaunchScreen.storyboard in Resources */,
				DCA43231200E08CA00C9E517 /* GoogleService-Info.plist in Resources */,
				DCFD73442007EEC90032BF6B /* Assets.xcassets in Resources */,
				DCFD73422007EEC90032BF6B /* Main.storyboard in Resources */,
			);
			runOnlyForDeploymentPostprocessing = 0;
		};
/* End PBXResourcesBuildPhase section */

/* Begin PBXShellScriptBuildPhase section */
		61DD988AD1E2D69818469FDD /* [CP] Copy Pods Resources */ = {
			isa = PBXShellScriptBuildPhase;
			buildActionMask = 2147483647;
			files = (
			);
			inputPaths = (
			);
			name = "[CP] Copy Pods Resources";
			outputPaths = (
			);
			runOnlyForDeploymentPostprocessing = 0;
			shellPath = /bin/sh;
			shellScript = "\"${SRCROOT}/Pods/Target Support Files/Pods-ReceptApp/Pods-ReceptApp-resources.sh\"\n";
			showEnvVarsInLog = 0;
		};
		B3E951F0AB6C027F68041757 /* [CP] Check Pods Manifest.lock */ = {
			isa = PBXShellScriptBuildPhase;
			buildActionMask = 2147483647;
			files = (
			);
			inputPaths = (
				"${PODS_PODFILE_DIR_PATH}/Podfile.lock",
				"${PODS_ROOT}/Manifest.lock",
			);
			name = "[CP] Check Pods Manifest.lock";
			outputPaths = (
				"$(DERIVED_FILE_DIR)/Pods-ReceptApp-checkManifestLockResult.txt",
			);
			runOnlyForDeploymentPostprocessing = 0;
			shellPath = /bin/sh;
			shellScript = "diff \"${PODS_PODFILE_DIR_PATH}/Podfile.lock\" \"${PODS_ROOT}/Manifest.lock\" > /dev/null\nif [ $? != 0 ] ; then\n    # print error to STDERR\n    echo \"error: The sandbox is not in sync with the Podfile.lock. Run 'pod install' or update your CocoaPods installation.\" >&2\n    exit 1\nfi\n# This output is used by Xcode 'outputs' to avoid re-running this script phase.\necho \"SUCCESS\" > \"${SCRIPT_OUTPUT_FILE_0}\"\n";
			showEnvVarsInLog = 0;
		};
		E35C337DF992679CF84B2C51 /* [CP] Embed Pods Frameworks */ = {
			isa = PBXShellScriptBuildPhase;
			buildActionMask = 2147483647;
			files = (
			);
			inputPaths = (
				"${SRCROOT}/Pods/Target Support Files/Pods-ReceptApp/Pods-ReceptApp-frameworks.sh",
				"${BUILT_PRODUCTS_DIR}/GTMSessionFetcher/GTMSessionFetcher.framework",
				"${BUILT_PRODUCTS_DIR}/GoogleToolboxForMac/GoogleToolboxForMac.framework",
				"${BUILT_PRODUCTS_DIR}/leveldb-library/leveldb.framework",
				"${BUILT_PRODUCTS_DIR}/nanopb/nanopb.framework",
			);
			name = "[CP] Embed Pods Frameworks";
			outputPaths = (
				"${TARGET_BUILD_DIR}/${FRAMEWORKS_FOLDER_PATH}/GTMSessionFetcher.framework",
				"${TARGET_BUILD_DIR}/${FRAMEWORKS_FOLDER_PATH}/GoogleToolboxForMac.framework",
				"${TARGET_BUILD_DIR}/${FRAMEWORKS_FOLDER_PATH}/leveldb.framework",
				"${TARGET_BUILD_DIR}/${FRAMEWORKS_FOLDER_PATH}/nanopb.framework",
			);
			runOnlyForDeploymentPostprocessing = 0;
			shellPath = /bin/sh;
			shellScript = "\"${SRCROOT}/Pods/Target Support Files/Pods-ReceptApp/Pods-ReceptApp-frameworks.sh\"\n";
			showEnvVarsInLog = 0;
		};
/* End PBXShellScriptBuildPhase section */

/* Begin PBXSourcesBuildPhase section */
		DCFD73352007EEC90032BF6B /* Sources */ = {
			isa = PBXSourcesBuildPhase;
			buildActionMask = 2147483647;
			files = (
				DC1EC7D520160478002C67F4 /* IngredientsTableViewCell.swift in Sources */,
				DCA43233200E0E4900C9E517 /* AccountViewController.swift in Sources */,
				DC50640320213ACF001A6338 /* ResultsViewController.swift in Sources */,
				DCA43253200E49DA00C9E517 /* SearchViewController.swift in Sources */,
				DC8EB7742019318800B64720 /* Experience.swift in Sources */,
				DCA4325C200F635F00C9E517 /* Recipe.swift in Sources */,
				DC8EB7702018CAA300B64720 /* ExperiencesViewController.swift in Sources */,
				DCFD733D2007EEC90032BF6B /* AppDelegate.swift in Sources */,
				DCA4326420112A9600C9E517 /* CreateAccountViewController.swift in Sources */,
				DC8EB77220192D3800B64720 /* ExperienceTableViewCell.swift in Sources */,
				DC445A8A201A2B9200DE6FBA /* FavoritesViewController.swift in Sources */,
				DCA43268201146F700C9E517 /* RecipeTableViewCell.swift in Sources */,
				DCF41DB220123F5D00286031 /* RecipeDetailViewController.swift in Sources */,
				DCA4325A200F5F6D00C9E517 /* SearchResult.swift in Sources */,
				DC8EB76E2018C11000B64720 /* WriteExperienceViewController.swift in Sources */,
				DCA4325E200F65DD00C9E517 /* ResultsController.swift in Sources */,
				DC023CD8201663AB000C119C /* InstructionsViewController.swift in Sources */,
				DCF41DB0201225A200286031 /* SearchTableViewCell.swift in Sources */,
			);
			runOnlyForDeploymentPostprocessing = 0;
		};
/* End PBXSourcesBuildPhase section */

/* Begin PBXVariantGroup section */
		DCFD73402007EEC90032BF6B /* Main.storyboard */ = {
			isa = PBXVariantGroup;
			children = (
				DCFD73412007EEC90032BF6B /* Base */,
			);
			name = Main.storyboard;
			sourceTree = "<group>";
		};
		DCFD73452007EEC90032BF6B /* LaunchScreen.storyboard */ = {
			isa = PBXVariantGroup;
			children = (
				DCFD73462007EEC90032BF6B /* Base */,
			);
			name = LaunchScreen.storyboard;
			sourceTree = "<group>";
		};
/* End PBXVariantGroup section */

/* Begin XCBuildConfiguration section */
		DCFD73492007EECA0032BF6B /* Debug */ = {
			isa = XCBuildConfiguration;
			buildSettings = {
				ALWAYS_SEARCH_USER_PATHS = NO;
				CLANG_ANALYZER_NONNULL = YES;
				CLANG_ANALYZER_NUMBER_OBJECT_CONVERSION = YES_AGGRESSIVE;
				CLANG_CXX_LANGUAGE_STANDARD = "gnu++14";
				CLANG_CXX_LIBRARY = "libc++";
				CLANG_ENABLE_MODULES = YES;
				CLANG_ENABLE_OBJC_ARC = YES;
				CLANG_WARN_BLOCK_CAPTURE_AUTORELEASING = YES;
				CLANG_WARN_BOOL_CONVERSION = YES;
				CLANG_WARN_COMMA = YES;
				CLANG_WARN_CONSTANT_CONVERSION = YES;
				CLANG_WARN_DIRECT_OBJC_ISA_USAGE = YES_ERROR;
				CLANG_WARN_DOCUMENTATION_COMMENTS = YES;
				CLANG_WARN_EMPTY_BODY = YES;
				CLANG_WARN_ENUM_CONVERSION = YES;
				CLANG_WARN_INFINITE_RECURSION = YES;
				CLANG_WARN_INT_CONVERSION = YES;
				CLANG_WARN_NON_LITERAL_NULL_CONVERSION = YES;
				CLANG_WARN_OBJC_LITERAL_CONVERSION = YES;
				CLANG_WARN_OBJC_ROOT_CLASS = YES_ERROR;
				CLANG_WARN_RANGE_LOOP_ANALYSIS = YES;
				CLANG_WARN_STRICT_PROTOTYPES = YES;
				CLANG_WARN_SUSPICIOUS_MOVE = YES;
				CLANG_WARN_UNGUARDED_AVAILABILITY = YES_AGGRESSIVE;
				CLANG_WARN_UNREACHABLE_CODE = YES;
				CLANG_WARN__DUPLICATE_METHOD_MATCH = YES;
				CODE_SIGN_IDENTITY = "iPhone Developer";
				COPY_PHASE_STRIP = NO;
				DEBUG_INFORMATION_FORMAT = dwarf;
				ENABLE_STRICT_OBJC_MSGSEND = YES;
				ENABLE_TESTABILITY = YES;
				GCC_C_LANGUAGE_STANDARD = gnu11;
				GCC_DYNAMIC_NO_PIC = NO;
				GCC_NO_COMMON_BLOCKS = YES;
				GCC_OPTIMIZATION_LEVEL = 0;
				GCC_PREPROCESSOR_DEFINITIONS = (
					"DEBUG=1",
					"$(inherited)",
				);
				GCC_WARN_64_TO_32_BIT_CONVERSION = YES;
				GCC_WARN_ABOUT_RETURN_TYPE = YES_ERROR;
				GCC_WARN_UNDECLARED_SELECTOR = YES;
				GCC_WARN_UNINITIALIZED_AUTOS = YES_AGGRESSIVE;
				GCC_WARN_UNUSED_FUNCTION = YES;
				GCC_WARN_UNUSED_VARIABLE = YES;
				IPHONEOS_DEPLOYMENT_TARGET = 11.2;
				MTL_ENABLE_DEBUG_INFO = YES;
				ONLY_ACTIVE_ARCH = YES;
				SDKROOT = iphoneos;
				SWIFT_ACTIVE_COMPILATION_CONDITIONS = DEBUG;
				SWIFT_OPTIMIZATION_LEVEL = "-Onone";
			};
			name = Debug;
		};
		DCFD734A2007EECA0032BF6B /* Release */ = {
			isa = XCBuildConfiguration;
			buildSettings = {
				ALWAYS_SEARCH_USER_PATHS = NO;
				CLANG_ANALYZER_NONNULL = YES;
				CLANG_ANALYZER_NUMBER_OBJECT_CONVERSION = YES_AGGRESSIVE;
				CLANG_CXX_LANGUAGE_STANDARD = "gnu++14";
				CLANG_CXX_LIBRARY = "libc++";
				CLANG_ENABLE_MODULES = YES;
				CLANG_ENABLE_OBJC_ARC = YES;
				CLANG_WARN_BLOCK_CAPTURE_AUTORELEASING = YES;
				CLANG_WARN_BOOL_CONVERSION = YES;
				CLANG_WARN_COMMA = YES;
				CLANG_WARN_CONSTANT_CONVERSION = YES;
				CLANG_WARN_DIRECT_OBJC_ISA_USAGE = YES_ERROR;
				CLANG_WARN_DOCUMENTATION_COMMENTS = YES;
				CLANG_WARN_EMPTY_BODY = YES;
				CLANG_WARN_ENUM_CONVERSION = YES;
				CLANG_WARN_INFINITE_RECURSION = YES;
				CLANG_WARN_INT_CONVERSION = YES;
				CLANG_WARN_NON_LITERAL_NULL_CONVERSION = YES;
				CLANG_WARN_OBJC_LITERAL_CONVERSION = YES;
				CLANG_WARN_OBJC_ROOT_CLASS = YES_ERROR;
				CLANG_WARN_RANGE_LOOP_ANALYSIS = YES;
				CLANG_WARN_STRICT_PROTOTYPES = YES;
				CLANG_WARN_SUSPICIOUS_MOVE = YES;
				CLANG_WARN_UNGUARDED_AVAILABILITY = YES_AGGRESSIVE;
				CLANG_WARN_UNREACHABLE_CODE = YES;
				CLANG_WARN__DUPLICATE_METHOD_MATCH = YES;
				CODE_SIGN_IDENTITY = "iPhone Developer";
				COPY_PHASE_STRIP = NO;
				DEBUG_INFORMATION_FORMAT = "dwarf-with-dsym";
				ENABLE_NS_ASSERTIONS = NO;
				ENABLE_STRICT_OBJC_MSGSEND = YES;
				GCC_C_LANGUAGE_STANDARD = gnu11;
				GCC_NO_COMMON_BLOCKS = YES;
				GCC_WARN_64_TO_32_BIT_CONVERSION = YES;
				GCC_WARN_ABOUT_RETURN_TYPE = YES_ERROR;
				GCC_WARN_UNDECLARED_SELECTOR = YES;
				GCC_WARN_UNINITIALIZED_AUTOS = YES_AGGRESSIVE;
				GCC_WARN_UNUSED_FUNCTION = YES;
				GCC_WARN_UNUSED_VARIABLE = YES;
				IPHONEOS_DEPLOYMENT_TARGET = 11.2;
				MTL_ENABLE_DEBUG_INFO = NO;
				SDKROOT = iphoneos;
				SWIFT_OPTIMIZATION_LEVEL = "-Owholemodule";
				VALIDATE_PRODUCT = YES;
			};
			name = Release;
		};
		DCFD734C2007EECA0032BF6B /* Debug */ = {
			isa = XCBuildConfiguration;
			baseConfigurationReference = 0BE17C30D573D545DA9EAA66 /* Pods-ReceptApp.debug.xcconfig */;
			buildSettings = {
				ASSETCATALOG_COMPILER_APPICON_NAME = AppIcon;
				CODE_SIGN_STYLE = Automatic;
				DEVELOPMENT_TEAM = EVQU8KNEK7;
				INFOPLIST_FILE = ReceptApp/Info.plist;
				LD_RUNPATH_SEARCH_PATHS = "$(inherited) @executable_path/Frameworks";
				PRODUCT_BUNDLE_IDENTIFIER = com.GavinSchipper.ReceptApp;
				PRODUCT_NAME = "$(TARGET_NAME)";
				SWIFT_VERSION = 4.0;
				TARGETED_DEVICE_FAMILY = "1,2";
			};
			name = Debug;
		};
		DCFD734D2007EECA0032BF6B /* Release */ = {
			isa = XCBuildConfiguration;
			baseConfigurationReference = 227D7CB5F41D4F3E924B47FB /* Pods-ReceptApp.release.xcconfig */;
			buildSettings = {
				ASSETCATALOG_COMPILER_APPICON_NAME = AppIcon;
				CODE_SIGN_STYLE = Automatic;
				DEVELOPMENT_TEAM = EVQU8KNEK7;
				INFOPLIST_FILE = ReceptApp/Info.plist;
				LD_RUNPATH_SEARCH_PATHS = "$(inherited) @executable_path/Frameworks";
				PRODUCT_BUNDLE_IDENTIFIER = com.GavinSchipper.ReceptApp;
				PRODUCT_NAME = "$(TARGET_NAME)";
				SWIFT_VERSION = 4.0;
				TARGETED_DEVICE_FAMILY = "1,2";
			};
			name = Release;
		};
/* End XCBuildConfiguration section */

/* Begin XCConfigurationList section */
		DCFD73342007EEC90032BF6B /* Build configuration list for PBXProject "ReceptApp" */ = {
			isa = XCConfigurationList;
			buildConfigurations = (
				DCFD73492007EECA0032BF6B /* Debug */,
				DCFD734A2007EECA0032BF6B /* Release */,
			);
			defaultConfigurationIsVisible = 0;
			defaultConfigurationName = Release;
		};
		DCFD734B2007EECA0032BF6B /* Build configuration list for PBXNativeTarget "ReceptApp" */ = {
			isa = XCConfigurationList;
			buildConfigurations = (
				DCFD734C2007EECA0032BF6B /* Debug */,
				DCFD734D2007EECA0032BF6B /* Release */,
			);
			defaultConfigurationIsVisible = 0;
			defaultConfigurationName = Release;
		};
/* End XCConfigurationList section */
	};
	rootObject = DCFD73312007EEC90032BF6B /* Project object */;
}
